
Microsoft Visual Studio Solution File, Format Version 12.00
# Visual Studio Version 16
VisualStudioVersion = 16.0.31410.357
MinimumVisualStudioVersion = 10.0.40219.1
Project("{9A19103F-16F7-4668-BE54-9A1E7A4F7556}") = "TutorialRoguelike", "TutorialRoguelike\TutorialRoguelike.csproj", "{C878F32B-4DB3-40DE-9FD2-8A0D25D30D89}"
EndProject
Global
	GlobalSection(SolutionConfigurationPlatforms) = preSolution
		Debug|Any CPU = Debug|Any CPU
		Release|Any CPU = Release|Any CPU
	EndGlobalSection
	GlobalSection(ProjectConfigurationPlatforms) = postSolution
		{C878F32B-4DB3-40DE-9FD2-8A0D25D30D89}.Debug|Any CPU.ActiveCfg = Debug|Any CPU
		{C878F32B-4DB3-40DE-9FD2-8A0D25D30D89}.Debug|Any CPU.Build.0 = Debug|Any CPU
		{C878F32B-4DB3-40DE-9FD2-8A0D25D30D89}.Release|Any CPU.ActiveCfg = Release|Any CPU
		{C878F32B-4DB3-40DE-9FD2-8A0D25D30D89}.Release|Any CPU.Build.0 = Release|Any CPU
	EndGlobalSection
	GlobalSection(SolutionProperties) = preSolution
		HideSolutionNode = FALSE
	EndGlobalSection
	GlobalSection(ExtensibilityGlobals) = postSolution
		SolutionGuid = {47AF271E-888E-4C23-9760-22D53859658A}
	EndGlobalSection
EndGlobal
